
Microsoft Visual Studio Solution File, Format Version 12.00
# Visual Studio Version 16
VisualStudioVersion = 16.0.28803.202
MinimumVisualStudioVersion = 10.0.40219.1
Project("{FAE04EC0-301F-11D3-BF4B-00C04F79EFBC}") = "BankSystem.Web", "BankSystem.Web\BankSystem.Web.csproj", "{45D16D01-C3E9-4496-9B3E-72CFDD795772}"
EndProject
Global
	GlobalSection(SolutionConfigurationPlatforms) = preSolution
		Debug|Any CPU = Debug|Any CPU
		Release|Any CPU = Release|Any CPU
	EndGlobalSection
	GlobalSection(ProjectConfigurationPlatforms) = postSolution
		{45D16D01-C3E9-4496-9B3E-72CFDD795772}.Debug|Any CPU.ActiveCfg = Debug|Any CPU
		{45D16D01-C3E9-4496-9B3E-72CFDD795772}.Debug|Any CPU.Build.0 = Debug|Any CPU
		{45D16D01-C3E9-4496-9B3E-72CFDD795772}.Release|Any CPU.ActiveCfg = Release|Any CPU
		{45D16D01-C3E9-4496-9B3E-72CFDD795772}.Release|Any CPU.Build.0 = Release|Any CPU
	EndGlobalSection
	GlobalSection(SolutionProperties) = preSolution
		HideSolutionNode = FALSE
	EndGlobalSection
	GlobalSection(ExtensibilityGlobals) = postSolution
		SolutionGuid = {B0A594D5-D5D4-4667-BFA4-22D9E11F4994}
	EndGlobalSection
EndGlobal
